
Microsoft Visual Studio Solution File, Format Version 12.00
# Visual Studio Version 17
VisualStudioVersion = 17.11.35208.52
MinimumVisualStudioVersion = 10.0.40219.1
Project("{9A19103F-16F7-4668-BE54-9A1E7A4F7556}") = "BasicSaveWithTracking", "BasicSaveWithTracking\BasicSaveWithTracking.csproj", "{F46B28A9-AF57-4A63-BCA9-5F9329AB4DD0}"
EndProject
Project("{FAE04EC0-301F-11D3-BF4B-00C04F79EFBC}") = "ChangeTracking", "ChangeTracking\ChangeTracking.csproj", "{4975862A-7CC0-41A7-BA1B-56E5DEE1EBC8}"
EndProject
Project("{FAE04EC0-301F-11D3-BF4B-00C04F79EFBC}") = "CascadeDelete", "CascadeDelete\CascadeDelete.csproj", "{253174DA-2D56-4AB0-B2B4-B4B83514DB33}"
EndProject
Project("{FAE04EC0-301F-11D3-BF4B-00C04F79EFBC}") = "EffictentUpdating", "EffictentUpdating\EffictentUpdating.csproj", "{8A021F87-2EDE-4FA3-BFB6-5CAD68778B64}"
EndProject
Global
	GlobalSection(SolutionConfigurationPlatforms) = preSolution
		Debug|Any CPU = Debug|Any CPU
		Release|Any CPU = Release|Any CPU
	EndGlobalSection
	GlobalSection(ProjectConfigurationPlatforms) = postSolution
		{F46B28A9-AF57-4A63-BCA9-5F9329AB4DD0}.Debug|Any CPU.ActiveCfg = Debug|Any CPU
		{F46B28A9-AF57-4A63-BCA9-5F9329AB4DD0}.Debug|Any CPU.Build.0 = Debug|Any CPU
		{F46B28A9-AF57-4A63-BCA9-5F9329AB4DD0}.Release|Any CPU.ActiveCfg = Release|Any CPU
		{F46B28A9-AF57-4A63-BCA9-5F9329AB4DD0}.Release|Any CPU.Build.0 = Release|Any CPU
		{4975862A-7CC0-41A7-BA1B-56E5DEE1EBC8}.Debug|Any CPU.ActiveCfg = Debug|Any CPU
		{4975862A-7CC0-41A7-BA1B-56E5DEE1EBC8}.Debug|Any CPU.Build.0 = Debug|Any CPU
		{4975862A-7CC0-41A7-BA1B-56E5DEE1EBC8}.Release|Any CPU.ActiveCfg = Release|Any CPU
		{4975862A-7CC0-41A7-BA1B-56E5DEE1EBC8}.Release|Any CPU.Build.0 = Release|Any CPU
		{253174DA-2D56-4AB0-B2B4-B4B83514DB33}.Debug|Any CPU.ActiveCfg = Debug|Any CPU
		{253174DA-2D56-4AB0-B2B4-B4B83514DB33}.Debug|Any CPU.Build.0 = Debug|Any CPU
		{253174DA-2D56-4AB0-B2B4-B4B83514DB33}.Release|Any CPU.ActiveCfg = Release|Any CPU
		{253174DA-2D56-4AB0-B2B4-B4B83514DB33}.Release|Any CPU.Build.0 = Release|Any CPU
		{8A021F87-2EDE-4FA3-BFB6-5CAD68778B64}.Debug|Any CPU.ActiveCfg = Debug|Any CPU
		{8A021F87-2EDE-4FA3-BFB6-5CAD68778B64}.Debug|Any CPU.Build.0 = Debug|Any CPU
		{8A021F87-2EDE-4FA3-BFB6-5CAD68778B64}.Release|Any CPU.ActiveCfg = Release|Any CPU
		{8A021F87-2EDE-4FA3-BFB6-5CAD68778B64}.Release|Any CPU.Build.0 = Release|Any CPU
	EndGlobalSection
	GlobalSection(SolutionProperties) = preSolution
		HideSolutionNode = FALSE
	EndGlobalSection
	GlobalSection(ExtensibilityGlobals) = postSolution
		SolutionGuid = {D4A7E598-0EF5-4060-A4C6-BC80955CA54F}
	EndGlobalSection
EndGlobal
